// !$*UTF8*$!
{
	archiveVersion = 1;
	classes = {
	};
	objectVersion = 55;
	objects = {

/* Begin PBXBuildFile section */
		024CA22D27CA7D3B00D13555 /* RecipesAppSwiftApp.swift in Sources */ = {isa = PBXBuildFile; fileRef = 024CA22C27CA7D3B00D13555 /* RecipesAppSwiftApp.swift */; };
		024CA22F27CA7D3B00D13555 /* ContentView.swift in Sources */ = {isa = PBXBuildFile; fileRef = 024CA22E27CA7D3B00D13555 /* ContentView.swift */; };
		024CA23127CA7D3C00D13555 /* Assets.xcassets in Resources */ = {isa = PBXBuildFile; fileRef = 024CA23027CA7D3C00D13555 /* Assets.xcassets */; };
		024CA23427CA7D3C00D13555 /* Preview Assets.xcassets in Resources */ = {isa = PBXBuildFile; fileRef = 024CA23327CA7D3C00D13555 /* Preview Assets.xcassets */; };
		024CA24127CA9B8200D13555 /* HomeView.swift in Sources */ = {isa = PBXBuildFile; fileRef = 024CA24027CA9B8200D13555 /* HomeView.swift */; };
		024CA24327CA9BE100D13555 /* CategorisView.swift in Sources */ = {isa = PBXBuildFile; fileRef = 024CA24227CA9BE100D13555 /* CategorisView.swift */; };
		024CA24527CA9C2E00D13555 /* NewRecipeView.swift in Sources */ = {isa = PBXBuildFile; fileRef = 024CA24427CA9C2E00D13555 /* NewRecipeView.swift */; };
		024CA24727CA9C5B00D13555 /* FavouritesView.swift in Sources */ = {isa = PBXBuildFile; fileRef = 024CA24627CA9C5B00D13555 /* FavouritesView.swift */; };
		024CA24927CA9C9900D13555 /* SettingsView.swift in Sources */ = {isa = PBXBuildFile; fileRef = 024CA24827CA9C9900D13555 /* SettingsView.swift */; };
		024CA24B27CA9D3A00D13555 /* TabBar.swift in Sources */ = {isa = PBXBuildFile; fileRef = 024CA24A27CA9D3A00D13555 /* TabBar.swift */; };
		024CA24E27CAAB9000D13555 /* RecipeModel.swift in Sources */ = {isa = PBXBuildFile; fileRef = 024CA24D27CAAB9000D13555 /* RecipeModel.swift */; };
		024CA25027CB86E900D13555 /* RecipeCard.swift in Sources */ = {isa = PBXBuildFile; fileRef = 024CA24F27CB86E900D13555 /* RecipeCard.swift */; };
		024CA25227CB938400D13555 /* RecipeList.swift in Sources */ = {isa = PBXBuildFile; fileRef = 024CA25127CB938400D13555 /* RecipeList.swift */; };
		024CA25427CBB20A00D13555 /* RecipeView.swift in Sources */ = {isa = PBXBuildFile; fileRef = 024CA25327CBB20A00D13555 /* RecipeView.swift */; };
/* End PBXBuildFile section */

/* Begin PBXFileReference section */
		024CA22927CA7D3B00D13555 /* RecipesAppSwift.app */ = {isa = PBXFileReference; explicitFileType = wrapper.application; includeInIndex = 0; path = RecipesAppSwift.app; sourceTree = BUILT_PRODUCTS_DIR; };
		024CA22C27CA7D3B00D13555 /* RecipesAppSwiftApp.swift */ = {isa = PBXFileReference; lastKnownFileType = sourcecode.swift; path = RecipesAppSwiftApp.swift; sourceTree = "<group>"; };
		024CA22E27CA7D3B00D13555 /* ContentView.swift */ = {isa = PBXFileReference; lastKnownFileType = sourcecode.swift; path = ContentView.swift; sourceTree = "<group>"; };
		024CA23027CA7D3C00D13555 /* Assets.xcassets */ = {isa = PBXFileReference; lastKnownFileType = folder.assetcatalog; path = Assets.xcassets; sourceTree = "<group>"; };
		024CA23327CA7D3C00D13555 /* Preview Assets.xcassets */ = {isa = PBXFileReference; lastKnownFileType = folder.assetcatalog; path = "Preview Assets.xcassets"; sourceTree = "<group>"; };
		024CA24027CA9B8200D13555 /* HomeView.swift */ = {isa = PBXFileReference; lastKnownFileType = sourcecode.swift; path = HomeView.swift; sourceTree = "<group>"; };
		024CA24227CA9BE100D13555 /* CategorisView.swift */ = {isa = PBXFileReference; lastKnownFileType = sourcecode.swift; path = CategorisView.swift; sourceTree = "<group>"; };
		024CA24427CA9C2E00D13555 /* NewRecipeView.swift */ = {isa = PBXFileReference; lastKnownFileType = sourcecode.swift; path = NewRecipeView.swift; sourceTree = "<group>"; };
		024CA24627CA9C5B00D13555 /* FavouritesView.swift */ = {isa = PBXFileReference; lastKnownFileType = sourcecode.swift; path = FavouritesView.swift; sourceTree = "<group>"; };
		024CA24827CA9C9900D13555 /* SettingsView.swift */ = {isa = PBXFileReference; lastKnownFileType = sourcecode.swift; path = SettingsView.swift; sourceTree = "<group>"; };
		024CA24A27CA9D3A00D13555 /* TabBar.swift */ = {isa = PBXFileReference; lastKnownFileType = sourcecode.swift; path = TabBar.swift; sourceTree = "<group>"; };
		024CA24D27CAAB9000D13555 /* RecipeModel.swift */ = {isa = PBXFileReference; lastKnownFileType = sourcecode.swift; path = RecipeModel.swift; sourceTree = "<group>"; };
		024CA24F27CB86E900D13555 /* RecipeCard.swift */ = {isa = PBXFileReference; lastKnownFileType = sourcecode.swift; path = RecipeCard.swift; sourceTree = "<group>"; };
		024CA25127CB938400D13555 /* RecipeList.swift */ = {isa = PBXFileReference; lastKnownFileType = sourcecode.swift; path = RecipeList.swift; sourceTree = "<group>"; };
		024CA25327CBB20A00D13555 /* RecipeView.swift */ = {isa = PBXFileReference; lastKnownFileType = sourcecode.swift; path = RecipeView.swift; sourceTree = "<group>"; };
/* End PBXFileReference section */

/* Begin PBXFrameworksBuildPhase section */
		024CA22627CA7D3B00D13555 /* Frameworks */ = {
			isa = PBXFrameworksBuildPhase;
			buildActionMask = 2147483647;
			files = (
			);
			runOnlyForDeploymentPostprocessing = 0;
		};
/* End PBXFrameworksBuildPhase section */

/* Begin PBXGroup section */
		024CA22027CA7D3B00D13555 = {
			isa = PBXGroup;
			children = (
				024CA22B27CA7D3B00D13555 /* RecipesAppSwift */,
				024CA22A27CA7D3B00D13555 /* Products */,
			);
			sourceTree = "<group>";
		};
		024CA22A27CA7D3B00D13555 /* Products */ = {
			isa = PBXGroup;
			children = (
				024CA22927CA7D3B00D13555 /* RecipesAppSwift.app */,
			);
			name = Products;
			sourceTree = "<group>";
		};
		024CA22B27CA7D3B00D13555 /* RecipesAppSwift */ = {
			isa = PBXGroup;
			children = (
				024CA22C27CA7D3B00D13555 /* RecipesAppSwiftApp.swift */,
				024CA23A27CA897900D13555 /* Views */,
				024CA23D27CA8A2C00D13555 /* ViewModels */,
				024CA24C27CAAB5A00D13555 /* Models */,
				024CA23027CA7D3C00D13555 /* Assets.xcassets */,
				024CA23227CA7D3C00D13555 /* Preview Content */,
			);
			path = RecipesAppSwift;
			sourceTree = "<group>";
		};
		024CA23227CA7D3C00D13555 /* Preview Content */ = {
			isa = PBXGroup;
			children = (
				024CA23327CA7D3C00D13555 /* Preview Assets.xcassets */,
			);
			path = "Preview Content";
			sourceTree = "<group>";
		};
		024CA23A27CA897900D13555 /* Views */ = {
			isa = PBXGroup;
			children = (
				024CA23F27CA8AA400D13555 /* Main */,
				024CA23E27CA8A5E00D13555 /* Detail */,
				024CA23B27CA898400D13555 /* Components */,
			);
			path = Views;
			sourceTree = "<group>";
		};
		024CA23B27CA898400D13555 /* Components */ = {
			isa = PBXGroup;
			children = (
				024CA24F27CB86E900D13555 /* RecipeCard.swift */,
				024CA25127CB938400D13555 /* RecipeList.swift */,
			);
			path = Components;
			sourceTree = "<group>";
		};
		024CA23D27CA8A2C00D13555 /* ViewModels */ = {
			isa = PBXGroup;
			children = (
			);
			path = ViewModels;
			sourceTree = "<group>";
		};
		024CA23E27CA8A5E00D13555 /* Detail */ = {
			isa = PBXGroup;
			children = (
				024CA25327CBB20A00D13555 /* RecipeView.swift */,
			);
			path = Detail;
			sourceTree = "<group>";
		};
		024CA23F27CA8AA400D13555 /* Main */ = {
			isa = PBXGroup;
			children = (
				024CA22E27CA7D3B00D13555 /* ContentView.swift */,
				024CA24027CA9B8200D13555 /* HomeView.swift */,
				024CA24227CA9BE100D13555 /* CategorisView.swift */,
				024CA24427CA9C2E00D13555 /* NewRecipeView.swift */,
				024CA24627CA9C5B00D13555 /* FavouritesView.swift */,
				024CA24827CA9C9900D13555 /* SettingsView.swift */,
				024CA24A27CA9D3A00D13555 /* TabBar.swift */,
			);
			path = Main;
			sourceTree = "<group>";
		};
		024CA24C27CAAB5A00D13555 /* Models */ = {
			isa = PBXGroup;
			children = (
				024CA24D27CAAB9000D13555 /* RecipeModel.swift */,
			);
			path = Models;
			sourceTree = "<group>";
		};
/* End PBXGroup section */

/* Begin PBXNativeTarget section */
		024CA22827CA7D3B00D13555 /* RecipesAppSwift */ = {
			isa = PBXNativeTarget;
			buildConfigurationList = 024CA23727CA7D3C00D13555 /* Build configuration list for PBXNativeTarget "RecipesAppSwift" */;
			buildPhases = (
				024CA22527CA7D3B00D13555 /* Sources */,
				024CA22627CA7D3B00D13555 /* Frameworks */,
				024CA22727CA7D3B00D13555 /* Resources */,
			);
			buildRules = (
			);
			dependencies = (
			);
			name = RecipesAppSwift;
			productName = RecipesAppSwift;
			productReference = 024CA22927CA7D3B00D13555 /* RecipesAppSwift.app */;
			productType = "com.apple.product-type.application";
		};
/* End PBXNativeTarget section */

/* Begin PBXProject section */
		024CA22127CA7D3B00D13555 /* Project object */ = {
			isa = PBXProject;
			attributes = {
				BuildIndependentTargetsInParallel = 1;
				LastSwiftUpdateCheck = 1310;
				LastUpgradeCheck = 1310;
				TargetAttributes = {
					024CA22827CA7D3B00D13555 = {
						CreatedOnToolsVersion = 13.1;
					};
				};
			};
			buildConfigurationList = 024CA22427CA7D3B00D13555 /* Build configuration list for PBXProject "RecipesAppSwift" */;
			compatibilityVersion = "Xcode 13.0";
			developmentRegion = en;
			hasScannedForEncodings = 0;
			knownRegions = (
				en,
				Base,
			);
			mainGroup = 024CA22027CA7D3B00D13555;
			productRefGroup = 024CA22A27CA7D3B00D13555 /* Products */;
			projectDirPath = "";
			projectRoot = "";
			targets = (
				024CA22827CA7D3B00D13555 /* RecipesAppSwift */,
			);
		};
/* End PBXProject section */

/* Begin PBXResourcesBuildPhase section */
		024CA22727CA7D3B00D13555 /* Resources */ = {
			isa = PBXResourcesBuildPhase;
			buildActionMask = 2147483647;
			files = (
				024CA23427CA7D3C00D13555 /* Preview Assets.xcassets in Resources */,
				024CA23127CA7D3C00D13555 /* Assets.xcassets in Resources */,
			);
			runOnlyForDeploymentPostprocessing = 0;
		};
/* End PBXResourcesBuildPhase section */

/* Begin PBXSourcesBuildPhase section */
		024CA22527CA7D3B00D13555 /* Sources */ = {
			isa = PBXSourcesBuildPhase;
			buildActionMask = 2147483647;
			files = (
				024CA24927CA9C9900D13555 /* SettingsView.swift in Sources */,
				024CA25027CB86E900D13555 /* RecipeCard.swift in Sources */,
				024CA24127CA9B8200D13555 /* HomeView.swift in Sources */,
				024CA24527CA9C2E00D13555 /* NewRecipeView.swift in Sources */,
				024CA24B27CA9D3A00D13555 /* TabBar.swift in Sources */,
				024CA22F27CA7D3B00D13555 /* ContentView.swift in Sources */,
				024CA25427CBB20A00D13555 /* RecipeView.swift in Sources */,
				024CA25227CB938400D13555 /* RecipeList.swift in Sources */,
				024CA24327CA9BE100D13555 /* CategorisView.swift in Sources */,
				024CA24727CA9C5B00D13555 /* FavouritesView.swift in Sources */,
				024CA22D27CA7D3B00D13555 /* RecipesAppSwiftApp.swift in Sources */,
				024CA24E27CAAB9000D13555 /* RecipeModel.swift in Sources */,
			);
			runOnlyForDeploymentPostprocessing = 0;
		};
/* End PBXSourcesBuildPhase section */

/* Begin XCBuildConfiguration section */
		024CA23527CA7D3C00D13555 /* Debug */ = {
			isa = XCBuildConfiguration;
			buildSettings = {
				ALWAYS_SEARCH_USER_PATHS = NO;
				CLANG_ANALYZER_NONNULL = YES;
				CLANG_ANALYZER_NUMBER_OBJECT_CONVERSION = YES_AGGRESSIVE;
				CLANG_CXX_LANGUAGE_STANDARD = "gnu++17";
				CLANG_CXX_LIBRARY = "libc++";
				CLANG_ENABLE_MODULES = YES;
				CLANG_ENABLE_OBJC_ARC = YES;
				CLANG_ENABLE_OBJC_WEAK = YES;
				CLANG_WARN_BLOCK_CAPTURE_AUTORELEASING = YES;
				CLANG_WARN_BOOL_CONVERSION = YES;
				CLANG_WARN_COMMA = YES;
				CLANG_WARN_CONSTANT_CONVERSION = YES;
				CLANG_WARN_DEPRECATED_OBJC_IMPLEMENTATIONS = YES;
				CLANG_WARN_DIRECT_OBJC_ISA_USAGE = YES_ERROR;
				CLANG_WARN_DOCUMENTATION_COMMENTS = YES;
				CLANG_WARN_EMPTY_BODY = YES;
				CLANG_WARN_ENUM_CONVERSION = YES;
				CLANG_WARN_INFINITE_RECURSION = YES;
				CLANG_WARN_INT_CONVERSION = YES;
				CLANG_WARN_NON_LITERAL_NULL_CONVERSION = YES;
				CLANG_WARN_OBJC_IMPLICIT_RETAIN_SELF = YES;
				CLANG_WARN_OBJC_LITERAL_CONVERSION = YES;
				CLANG_WARN_OBJC_ROOT_CLASS = YES_ERROR;
				CLANG_WARN_QUOTED_INCLUDE_IN_FRAMEWORK_HEADER = YES;
				CLANG_WARN_RANGE_LOOP_ANALYSIS = YES;
				CLANG_WARN_STRICT_PROTOTYPES = YES;
				CLANG_WARN_SUSPICIOUS_MOVE = YES;
				CLANG_WARN_UNGUARDED_AVAILABILITY = YES_AGGRESSIVE;
				CLANG_WARN_UNREACHABLE_CODE = YES;
				CLANG_WARN__DUPLICATE_METHOD_MATCH = YES;
				COPY_PHASE_STRIP = NO;
				DEBUG_INFORMATION_FORMAT = dwarf;
				ENABLE_STRICT_OBJC_MSGSEND = YES;
				ENABLE_TESTABILITY = YES;
				GCC_C_LANGUAGE_STANDARD = gnu11;
				GCC_DYNAMIC_NO_PIC = NO;
				GCC_NO_COMMON_BLOCKS = YES;
				GCC_OPTIMIZATION_LEVEL = 0;
				GCC_PREPROCESSOR_DEFINITIONS = (
					"DEBUG=1",
					"$(inherited)",
				);
				GCC_WARN_64_TO_32_BIT_CONVERSION = YES;
				GCC_WARN_ABOUT_RETURN_TYPE = YES_ERROR;
				GCC_WARN_UNDECLARED_SELECTOR = YES;
				GCC_WARN_UNINITIALIZED_AUTOS = YES_AGGRESSIVE;
				GCC_WARN_UNUSED_FUNCTION = YES;
				GCC_WARN_UNUSED_VARIABLE = YES;
				IPHONEOS_DEPLOYMENT_TARGET = 15.0;
				MTL_ENABLE_DEBUG_INFO = INCLUDE_SOURCE;
				MTL_FAST_MATH = YES;
				ONLY_ACTIVE_ARCH = YES;
				SDKROOT = iphoneos;
				SWIFT_ACTIVE_COMPILATION_CONDITIONS = DEBUG;
				SWIFT_OPTIMIZATION_LEVEL = "-Onone";
			};
			name = Debug;
		};
		024CA23627CA7D3C00D13555 /* Release */ = {
			isa = XCBuildConfiguration;
			buildSettings = {
				ALWAYS_SEARCH_USER_PATHS = NO;
				CLANG_ANALYZER_NONNULL = YES;
				CLANG_ANALYZER_NUMBER_OBJECT_CONVERSION = YES_AGGRESSIVE;
				CLANG_CXX_LANGUAGE_STANDARD = "gnu++17";
				CLANG_CXX_LIBRARY = "libc++";
				CLANG_ENABLE_MODULES = YES;
				CLANG_ENABLE_OBJC_ARC = YES;
				CLANG_ENABLE_OBJC_WEAK = YES;
				CLANG_WARN_BLOCK_CAPTURE_AUTORELEASING = YES;
				CLANG_WARN_BOOL_CONVERSION = YES;
				CLANG_WARN_COMMA = YES;
				CLANG_WARN_CONSTANT_CONVERSION = YES;
				CLANG_WARN_DEPRECATED_OBJC_IMPLEMENTATIONS = YES;
				CLANG_WARN_DIRECT_OBJC_ISA_USAGE = YES_ERROR;
				CLANG_WARN_DOCUMENTATION_COMMENTS = YES;
				CLANG_WARN_EMPTY_BODY = YES;
				CLANG_WARN_ENUM_CONVERSION = YES;
				CLANG_WARN_INFINITE_RECURSION = YES;
				CLANG_WARN_INT_CONVERSION = YES;
				CLANG_WARN_NON_LITERAL_NULL_CONVERSION = YES;
				CLANG_WARN_OBJC_IMPLICIT_RETAIN_SELF = YES;
				CLANG_WARN_OBJC_LITERAL_CONVERSION = YES;
				CLANG_WARN_OBJC_ROOT_CLASS = YES_ERROR;
				CLANG_WARN_QUOTED_INCLUDE_IN_FRAMEWORK_HEADER = YES;
				CLANG_WARN_RANGE_LOOP_ANALYSIS = YES;
				CLANG_WARN_STRICT_PROTOTYPES = YES;
				CLANG_WARN_SUSPICIOUS_MOVE = YES;
				CLANG_WARN_UNGUARDED_AVAILABILITY = YES_AGGRESSIVE;
				CLANG_WARN_UNREACHABLE_CODE = YES;
				CLANG_WARN__DUPLICATE_METHOD_MATCH = YES;
				COPY_PHASE_STRIP = NO;
				DEBUG_INFORMATION_FORMAT = "dwarf-with-dsym";
				ENABLE_NS_ASSERTIONS = NO;
				ENABLE_STRICT_OBJC_MSGSEND = YES;
				GCC_C_LANGUAGE_STANDARD = gnu11;
				GCC_NO_COMMON_BLOCKS = YES;
				GCC_WARN_64_TO_32_BIT_CONVERSION = YES;
				GCC_WARN_ABOUT_RETURN_TYPE = YES_ERROR;
				GCC_WARN_UNDECLARED_SELECTOR = YES;
				GCC_WARN_UNINITIALIZED_AUTOS = YES_AGGRESSIVE;
				GCC_WARN_UNUSED_FUNCTION = YES;
				GCC_WARN_UNUSED_VARIABLE = YES;
				IPHONEOS_DEPLOYMENT_TARGET = 15.0;
				MTL_ENABLE_DEBUG_INFO = NO;
				MTL_FAST_MATH = YES;
				SDKROOT = iphoneos;
				SWIFT_COMPILATION_MODE = wholemodule;
				SWIFT_OPTIMIZATION_LEVEL = "-O";
				VALIDATE_PRODUCT = YES;
			};
			name = Release;
		};
		024CA23827CA7D3C00D13555 /* Debug */ = {
			isa = XCBuildConfiguration;
			buildSettings = {
				ASSETCATALOG_COMPILER_APPICON_NAME = AppIcon;
				ASSETCATALOG_COMPILER_GLOBAL_ACCENT_COLOR_NAME = AccentColor;
				CODE_SIGN_STYLE = Automatic;
				CURRENT_PROJECT_VERSION = 1;
				DEVELOPMENT_ASSET_PATHS = "\"RecipesAppSwift/Preview Content\"";
				DEVELOPMENT_TEAM = 9GNV74Z5L3;
				ENABLE_PREVIEWS = YES;
				GENERATE_INFOPLIST_FILE = YES;
				INFOPLIST_KEY_UIApplicationSceneManifest_Generation = YES;
				INFOPLIST_KEY_UIApplicationSupportsIndirectInputEvents = YES;
				INFOPLIST_KEY_UILaunchScreen_Generation = YES;
				INFOPLIST_KEY_UISupportedInterfaceOrientations_iPad = "UIInterfaceOrientationPortrait UIInterfaceOrientationPortraitUpsideDown UIInterfaceOrientationLandscapeLeft UIInterfaceOrientationLandscapeRight";
				INFOPLIST_KEY_UISupportedInterfaceOrientations_iPhone = "UIInterfaceOrientationPortrait UIInterfaceOrientationLandscapeLeft UIInterfaceOrientationLandscapeRight";
				LD_RUNPATH_SEARCH_PATHS = (
					"$(inherited)",
					"@executable_path/Frameworks",
				);
				MARKETING_VERSION = 1.0;
				PRODUCT_BUNDLE_IDENTIFIER = com.rivaidigital.RecipesAppSwift;
				PRODUCT_NAME = "$(TARGET_NAME)";
				SWIFT_EMIT_LOC_STRINGS = YES;
				SWIFT_VERSION = 5.0;
				TARGETED_DEVICE_FAMILY = "1,2";
			};
			name = Debug;
		};
		024CA23927CA7D3C00D13555 /* Release */ = {
			isa = XCBuildConfiguration;
			buildSettings = {
				ASSETCATALOG_COMPILER_APPICON_NAME = AppIcon;
				ASSETCATALOG_COMPILER_GLOBAL_ACCENT_COLOR_NAME = AccentColor;
				CODE_SIGN_STYLE = Automatic;
				CURRENT_PROJECT_VERSION = 1;
				DEVELOPMENT_ASSET_PATHS = "\"RecipesAppSwift/Preview Content\"";
				DEVELOPMENT_TEAM = 9GNV74Z5L3;
				ENABLE_PREVIEWS = YES;
				GENERATE_INFOPLIST_FILE = YES;
				INFOPLIST_KEY_UIApplicationSceneManifest_Generation = YES;
				INFOPLIST_KEY_UIApplicationSupportsIndirectInputEvents = YES;
				INFOPLIST_KEY_UILaunchScreen_Generation = YES;
				INFOPLIST_KEY_UISupportedInterfaceOrientations_iPad = "UIInterfaceOrientationPortrait UIInterfaceOrientationPortraitUpsideDown UIInterfaceOrientationLandscapeLeft UIInterfaceOrientationLandscapeRight";
				INFOPLIST_KEY_UISupportedInterfaceOrientations_iPhone = "UIInterfaceOrientationPortrait UIInterfaceOrientationLandscapeLeft UIInterfaceOrientationLandscapeRight";
				LD_RUNPATH_SEARCH_PATHS = (
					"$(inherited)",
					"@executable_path/Frameworks",
				);
				MARKETING_VERSION = 1.0;
				PRODUCT_BUNDLE_IDENTIFIER = com.rivaidigital.RecipesAppSwift;
				PRODUCT_NAME = "$(TARGET_NAME)";
				SWIFT_EMIT_LOC_STRINGS = YES;
				SWIFT_VERSION = 5.0;
				TARGETED_DEVICE_FAMILY = "1,2";
			};
			name = Release;
		};
/* End XCBuildConfiguration section */

/* Begin XCConfigurationList section */
		024CA22427CA7D3B00D13555 /* Build configuration list for PBXProject "RecipesAppSwift" */ = {
			isa = XCConfigurationList;
			buildConfigurations = (
				024CA23527CA7D3C00D13555 /* Debug */,
				024CA23627CA7D3C00D13555 /* Release */,
			);
			defaultConfigurationIsVisible = 0;
			defaultConfigurationName = Release;
		};
		024CA23727CA7D3C00D13555 /* Build configuration list for PBXNativeTarget "RecipesAppSwift" */ = {
			isa = XCConfigurationList;
			buildConfigurations = (
				024CA23827CA7D3C00D13555 /* Debug */,
				024CA23927CA7D3C00D13555 /* Release */,
			);
			defaultConfigurationIsVisible = 0;
			defaultConfigurationName = Release;
		};
/* End XCConfigurationList section */
	};
	rootObject = 024CA22127CA7D3B00D13555 /* Project object */;
}
